{
  "name": "featurevisor-example-nodejs",
  "version": "1.0.0",
  "lockfileVersion": 3,
  "requires": true,
  "packages": {
    "": {
      "name": "featurevisor-example-nodejs",
      "version": "1.0.0",
      "license": "MIT",
      "devDependencies": {
        "@featurevisor/sdk": "^2.0.0"
      }
    },
    "node_modules/@featurevisor/sdk": {
      "version": "2.0.0",
      "resolved": "https://registry.npmjs.org/@featurevisor/sdk/-/sdk-2.0.0.tgz",
      "integrity": "sha512-NAI9nv/nT/OE5TwZnj26XKmqgEUmhFsEHExhvq7bD8RooZOisco51v6DjFqT2UuBejXpmwRr5tMOr5/fHeHrLA==",
      "dev": true,
      "license": "MIT",
      "dependencies": {
        "@featurevisor/types": "2.0.0"
      }
    },
    "node_modules/@featurevisor/types": {
      "version": "2.0.0",
      "resolved": "https://registry.npmjs.org/@featurevisor/types/-/types-2.0.0.tgz",
      "integrity": "sha512-fzOkkSW99riRicZqQxb2+OnSu8VF9O3UrzWMw9DtFehQwwz5Jj/EZCqGiub/UPKltfZnJ3dJ2fPrUJ3sU11hhA==",
      "dev": true,
      "license": "MIT"
    }
  }
}
